# This file was autogenerated by uv via the following command:
#    uv pip compile --python 3.12 --generate-hashes sdk/python/requirements-build.in -o sdk/python/requirements-build.lock
attrs==26.1.0 \
    --hash=sha256:c647aa4a12dfbad9333ca4e71fe62ddc36f4e63b2d260a37a8b83d2f043ac309 \
    --hash=sha256:d03ceb89cb322a8fd706d4fb91940737b6642aa36998fe130a9bc96c985eff32
    # via
    #   jsonschema
    #   referencing
jsonschema==4.26.0 \
    --hash=sha256:0c26707e2efad8aa1bfc5b7ce170f3fccc2e4918ff85989ba9ffa9facb2be326 \
    --hash=sha256:d489f15263b8d200f8387e64b4c3a75f06629559fb73deb8fdfb525f2dab50ce
    # via -r sdk/python/requirements-build.in
jsonschema-specifications==2025.9.1 \
    --hash=sha256:98802fee3a11ee76ecaca44429fda8a41bff98b00a0f2838151b113f210cc6fe \
    --hash=sha256:b540987f239e745613c7a9176f3edb72b832a4ac465cf02712288397832b5e8d
    # via jsonschema
maturin==1.15.0 \
    --hash=sha256:0ebf9767892725083138e671c34482c660317a2f3d6a29fc0e0f34e9d8c99136 \
    --hash=sha256:126e12e618b4db42f68c779a56d41f82a390145ba36ac3f621d057eb34f5ad9d \
    --hash=sha256:4f9d33e6c3f9615c8caceecbbbd440f8eb25a3ddeb687077682cd5eca2e9ae15 \
    --hash=sha256:552c2be4afd43fe8d5c9f3ec8d4c4756d973b8dcbe94c14084390301f50243e1 \
    --hash=sha256:653020a63525bb224e5ab0adf02e17a2e08bc86dbea7fc1399c9a56d7529b99e \
    --hash=sha256:6bf6dc62e22d4dcfd5a51244ff0d58975fa4979c48209fe84159617648956d82 \
    --hash=sha256:7ab7eebffd7b8debca2265985de4eaeb332141276d24b9560b5ad484d4b3add1 \
    --hash=sha256:7eb066372f541f8eb4909c79c5d9bd0b9e8125980bdf1ec9e8aba23c6c8d6c55 \
    --hash=sha256:94b26cc8e8aba61a5f2099715fe640e18c5f678e9a500408b38761263954228a \
    --hash=sha256:bf29beddd0c6708f112db51d5275fc28b28b9e9c9c5faae387eaef662918b176 \
    --hash=sha256:c40b4eae7bf5ef1f4b1af8d623fe4105016f93578fb15b764e741d08ec3b92dd \
    --hash=sha256:c7dc0c66c78d3debdd9c5aa807e861fbcbf07f3505d34b125df74c03986b0f48 \
    --hash=sha256:cd35772633f489841132bc8e71d6fc7f842df30b9c05cd5cdf1ee1ddcb744cc7 \
    --hash=sha256:da649988be98e87e009e51b1bf0d301b6a301bc0cecbdd60d40d8ba60748d1ca
    # via -r sdk/python/requirements-build.in
numpy==2.5.2 \
    --hash=sha256:0090ccdd57ec2703e9b49d0bf554767370581c1dd0a6b2bb2b2d9def317d042a \
    --hash=sha256:078f9b027b478c9379b9677babbf0f8b8f1ecfada27636d7b9a93990c638739f \
    --hash=sha256:07d4e89f3a9ab0a9ba24264ccdb642b3dd951b2281e8883a5481a4aa79cc31a7 \
    --hash=sha256:0a4035ae1129ff8777f08bfbd44f1e5d8e9c049ce0c2dd78fc0d92c13e7251c0 \
    --hash=sha256:0aadf13b60048d501e05fa699efaf7734e2494f3498a4c2a5521d822640324f3 \
    --hash=sha256:14e373cfc6387177e8409dac3c7159be8eb05cd77096cd7c950268b86f62831c \
    --hash=sha256:1ab3d4a901f844ea836c3e80bf463c6a27d7f3c14e8e292fcf28d348b25b9bce \
    --hash=sha256:24b9dc2e3d84aa58523798805194e23e736f3f6ce2d1a5b92583ae734e6dbda8 \
    --hash=sha256:27650bb0e7140fa3d37b9923b4803645e0b125d190f326eecfd3f4dad8e8ade1 \
    --hash=sha256:28ac63476ec7651484215ee7fa15a1f78b57c14621f01e392afe17b9a1390ce4 \
    --hash=sha256:29b86ff8a6cc556b47ec6b64b194815cc80e6bf5eedcc6cddfd65318cb0b4eee \
    --hash=sha256:29d81e97f668489cba8ebfd796b9bdd453525d35dd9e162e2daec94bf3fc7740 \
    --hash=sha256:2cc779226e476d1e1f08c74068c419e60f41a9e0e069c92f6671d31d5c985e98 \
    --hash=sha256:2ffa7bacab3e2ee1b19ed31766bb60bb380b68c23f051e199c5cc598afd68710 \
    --hash=sha256:318b9a4c845dbea06708a29c84ee429cc3065048db34cdb799047643492050ee \
    --hash=sha256:34c319e2963be042673fb46570501b2f06c41924e17e3563d58646b4380dfb68 \
    --hash=sha256:3a2f061cebd9e3d23bdcfaaded5e2293a4c6a5b60fa42df85d410a725ce621bf \
    --hash=sha256:3cdec01fa790a186d430433fdd4d4ffb70eed6f0eeb4bf05c8dbe2dce0a9bcb8 \
    --hash=sha256:3e4c367352d3747784248a227fbec218e193b56f7e6692e3b64fc805478ecfdf \
    --hash=sha256:40f4d451aed46a8046a1aae41c4e55fb3612273df9c502480135e1501576a34b \
    --hash=sha256:44ef9675d908e65f9953063837c3277730f3f4437615a4cdab67b366cabaf884 \
    --hash=sha256:4bbd96c833ecc8cc069ce518078fc8c60cb9cbfb0fea5b7a803ad65035596d03 \
    --hash=sha256:4ec954036759bcee3aa484f8603bd9c14f3e776293b85578b8734c2d72777c69 \
    --hash=sha256:4f9744f9fbdcea0bc552e8f19e1f141f811a3f9bc2be2cc6e86d982cab23e3f4 \
    --hash=sha256:50a68f4bacd8a2b33d8da3d2269d0d78500f86ea582e4786dc10f5ef2c2c6842 \
    --hash=sha256:50e500dc868e9313530ce12ba470fe50ff3afe3d62993ed6eff652dacd555b65 \
    --hash=sha256:52c808f96484f5571a5cc863775ce50247c17dfb3b0361f8ed6b4b0456f80080 \
    --hash=sha256:5f8e00be2ec6f45f4e8a41a527f68d44a7d96fee92a650e4d8b1326f77f61e6e \
    --hash=sha256:60e902ac295855348a5ca2ea4c89108989a9f5fddfad3dfc0a8f36b10358567e \
    --hash=sha256:65f188481f1669e26f62b701e8205d19e460fa4a9b52a1414ba382330e4a3414 \
    --hash=sha256:6950c4b7dd562453090548ba7f5da7e59f57f85663f15d5dcc60e249192f7e59 \
    --hash=sha256:6a9bb119fb8dd21ba30b3f0e555b7e2b081bd9883af21ec9c1c633d161cda3a8 \
    --hash=sha256:6b588cc8f902d6bff201c19fd00c43ab8545671e3554d014e12e14139e5e8617 \
    --hash=sha256:6df895598c0edcb41030126c89e0f353b07d93238116143b7405e937359736c4 \
    --hash=sha256:6e8172ddfcf5cf74b811d372b570b83c60bd2de87a6fbfbebdadb4a9bd9c6cbb \
    --hash=sha256:7354826bc6f8f69402e9b7fe28d15fcd34feebd74f856f111585c5b0c9fb0251 \
    --hash=sha256:7587f53dfbd5edc0f7b87c6217b4c6d2d1f2ef9c3da70bc1315e7db5f8d7ec9d \
    --hash=sha256:77843ca236b777e67f8d6b3660ea116e499612703a0ecd7093f316201eb9d8e2 \
    --hash=sha256:7999d4ddb0c4025018373fd787510d46e04c769467af22869707b3c1cfd459ab \
    --hash=sha256:85aaccb24182c25df891ad0ec333585967e115269d5f1b17f2c9ae005bc96657 \
    --hash=sha256:8e4cb9a754c8a0c62eaa88273a5fba3391f4a610d1dee893c0755da31c083f15 \
    --hash=sha256:8ee9c4eeb8454b3660a8b53493563c3e121c2fc94fbd72b848ef814ed7b676a9 \
    --hash=sha256:9a0731745a72a184490a582fb4af2533512bd071ace67785b5fdffc0ae58dce8 \
    --hash=sha256:9e9413326d726c2545bfa65d2c0876871e8d8386e77f992c1d426e180bbd4323 \
    --hash=sha256:a610dc7e3c52edd39c2bc2375ff9c3fd59cb3ad00e4472d36f83bc1457145788 \
    --hash=sha256:a839318485284a6fb31be4f8f2c91c8f2cb22f4543c4a8903f12b0671ffe07cc \
    --hash=sha256:afb3f0632d6b2e3ba04dbce8d1e48d321b369138b73830b5ca371a0e8d479d56 \
    --hash=sha256:b879fb674276e331513fb136b78dbc6bd3c848309e0d841cfd63be3896c4cfc1 \
    --hash=sha256:b9727f472d2f3888053b8a75ab0cb94745a9de224bb5846dbadc0092101bc71d \
    --hash=sha256:ba0a474801b8dc67b66bf465548abc90e82b44d2611b5770f33008dcabffe8ec \
    --hash=sha256:bd68ece1553d2023c09a4226d9e41c586ad2d20594d1a456186c33513d2cb3f2 \
    --hash=sha256:c081cbe16ba1ab53078e5ff29013621e33c509eedab055775d956427712c236e \
    --hash=sha256:c1f017dc0875c9209d219f97feceb7d54c2661bb243deb4114478e1295808af7 \
    --hash=sha256:cebc2d6dbb605a7703d59751dea4bd6b0ab127a5a4338a6f432df1936fef8b26 \
    --hash=sha256:cf7de32f486e4ac9e2d93b810f9e9ac72a728dd46a32a0bb403222f27f653514 \
    --hash=sha256:d482d171c406ae88c5b19cad3b6a1c4c5209f886ab74bc44c2c865c23f52d860 \
    --hash=sha256:d6a48072864e3324e194a8fbb3c657bcc5b5c869dbc64c9537b1d5c862572c0a \
    --hash=sha256:d787cf769c3baeb5f6235e778edb52c08dfa923789b5958f28e6450f96107cb1 \
    --hash=sha256:dc649493697006bc90614a5f0bbc8cb3cb1866715c474e473694968d7e6b99ab \
    --hash=sha256:ddf47472af2e4280d79bac82304f5e80150211f1b9e614b760061d5fdfbb6eba \
    --hash=sha256:e5651f3f87add730ee6608d915009e19c911fba0cb000c7e3ea994b7d768eb12 \
    --hash=sha256:e79aba74ffaf5f78a050d777c184cddf8fdffabab38acf5f3ef1fecbc17895d6 \
    --hash=sha256:eaa088384c46f519dacb93b7ec483a6d6b19a4a2085ae4f25ab9b1c43d387d1e \
    --hash=sha256:eaca7ff36f0f52e2111ec71f169d8fd3e889e7ddc0d2592e0d703fd8d3ce8fac \
    --hash=sha256:f06571a052127dc1b4e8b83029b4d1b20daa2b64a31cdd181fc6bc774e9000eb \
    --hash=sha256:fd0d703772bba096843785bd38371e31bb4a0c1151497ad5739d182114a73f7f
    # via
    #   -r sdk/python/requirements-build.in
    #   pandas
pandas==3.0.5 \
    --hash=sha256:08d24fe11a17dc33bd6e937dc9c665f9cba08fbdc9f657f405713515febe300d \
    --hash=sha256:0d298e951f23016ce4699951d044ae6418dbc91bf68cefca0f77666fcbb4e5c6 \
    --hash=sha256:0fac0010c75e4efb6b99e249c183a8993ce0dc95c240f9b120a5e67c727b7928 \
    --hash=sha256:1c10461f6eeb35d8f05b6184c65c8b9991663b66c46b1d559b682cb34ae7c6ea \
    --hash=sha256:25ff585b972a18ef1fe9ffa3ac6544d9950508aa76832e5147640b6022821e49 \
    --hash=sha256:2946e77e4a53cd248cbde631a12f0e51c8324ce354c3eba4d20147c1ad6f4282 \
    --hash=sha256:2a29c53d85ea98c5e792c59ef82ee9fbe6ca902c0d0adb6b23f45ef894cd7bf6 \
    --hash=sha256:2c0cf1dd9b55a22d105fc46c1b489af3bd42264fcba7c66297bf47a9a1d9c78a \
    --hash=sha256:2f264fc46911cc8131a7322a16199bbf8e353d27c10bb211f5bd0c814324dc36 \
    --hash=sha256:303da736987d481074ca720ada325f8bd80c64ebc2d45ed79b29df3aaa4a26ca \
    --hash=sha256:3b2801bbb049d0136f6c213eae02b5fca969384fc2064dd728d8620552aa49da \
    --hash=sha256:3c5015fd1730fbf883647e88068176c839c102cea883ba1769a6f4593bfc1f8c \
    --hash=sha256:3c5ed2e7c06e91d340dfd091d7934f9bc82e4a36b95f647f090b9d1c9ac649da \
    --hash=sha256:4b11c36e218331d0387cbe3a0a5f75162357a1d92d57b2b08a336ff94b19b2be \
    --hash=sha256:5183427f5a8156d480f30333777bc978be93650a49a7c01db26adffe95b31e85 \
    --hash=sha256:53730687fcd161883b24e10411c06d6a4c0f2275d2faf3bb2bc25deb4ba8007c \
    --hash=sha256:66266d3442a5e8b3c90274c2b8b230bee42dd1c286bc822cc2f9f2c7e12b883e \
    --hash=sha256:679f4e85b30ddb1515458ab1e788d3e260eae369b1f78da7a3aa4cac8ebf4a2a \
    --hash=sha256:71ecc8fb7ed1a7aa4392316b5309a6347e8e7f832f38fd897846b3a1457a9298 \
    --hash=sha256:73fa87b08a7ef706f8aafda39ddaccf2a99047bea62d8c88a0361bcafb2237bc \
    --hash=sha256:80a611068e8a3ac23f7398c6c14eb46dc974e5cc9997f653e2dcfd1da74edd41 \
    --hash=sha256:960d3ebcf249f75206899fcd2c6de53f736b7265759ced0d3e559df0b8b709b0 \
    --hash=sha256:9e94c2c5ca43bd3ca32bf64d32308887b65e5f9bfd8023ea52755107a999f93b \
    --hash=sha256:a5ad3b02ed6bc7d7ae9b70804b2c6aa31827489d150f8e623ce82491b82085d7 \
    --hash=sha256:b1261758dfb6cf12c3cff8300e21cefad30e7ec709abb4c24ac7318e6a52462a \
    --hash=sha256:b173f5951ff6b8b0ec7675e20dff3c97b7e7a57dfcce387c2d7c5afe87cb7899 \
    --hash=sha256:b2acb4650527eec6822c3dadb2b771277b65e7dae7a267d4bccf65fd1bb3fbce \
    --hash=sha256:b58b1b39d46a5862e3fb18f50d1a201398619d16a0f9f73f57eea5583cf0e63c \
    --hash=sha256:b86765f268b56f7e665b93bce9d5df69dee7f99e595cf8fb839483ab315942a3 \
    --hash=sha256:c1c05a767fe8e5b4fe9e1c29806829c582052eaedb9120a3da83ba3f69e24a5b \
    --hash=sha256:c2e26bb46934b8a2ca0c3de1d3d606fc5f6746584791b2db264d58cf370e08dc \
    --hash=sha256:c597ecf5616b5c420372c1d4d4c00dbbfba7398bea857dcc984347e1ea48417b \
    --hash=sha256:cce3a9d11d2b1f82c69a27ec1f4948a170e2c403c4bbfa8cca62e3fdebe2ef3a \
    --hash=sha256:cd8f7c6dc98527058ee6264219343f5392240a6f1bfa654fc5d79023020d0c92 \
    --hash=sha256:cf52e1f61d229496da17dc7ab54acdee627357e7008fd4fecba3d0ba2937fa58 \
    --hash=sha256:d373ce03ffd84010ed9839fa73672a9c8256990532e158440c0085db7d914b34 \
    --hash=sha256:db172144bb56422bd157812f3b021eacc255451470b31e2c633c349490a1cfee \
    --hash=sha256:dca3734d6ab7c906e6730f0788b0a1dbb9f2467731f9711f77995c8e9d62d712 \
    --hash=sha256:e2759e890db96dfcffdbd9b86c3c2cb6afaf58def482820317e06163ec1066cd \
    --hash=sha256:e819dd5f62966b481a8cb649d3299ebd886a1ea91ed5a99bf7ce77c98d18ab94 \
    --hash=sha256:ef01af4d8dc6cd2c8d6c7736f149574ef93fe043811eeb5e445f2647154b5040 \
    --hash=sha256:fa290c16964d4963fbfbc358928239cf3bd755b20e988ce944877def2f44471d
    # via -r sdk/python/requirements-build.in
python-dateutil==2.9.0.post0 \
    --hash=sha256:37dd54208da7e1cd875388217d5e00ebd4179249f90fb72437e91a35459a0ad3 \
    --hash=sha256:a8b2bc7bffae282281c8140a97d3aa9c14da0b136dfe83f850eea9a5f7470427
    # via pandas
referencing==0.37.0 \
    --hash=sha256:381329a9f99628c9069361716891d34ad94af76e461dcb0335825aecc7692231 \
    --hash=sha256:44aefc3142c5b842538163acb373e24cce6632bd54bdb01b21ad5863489f50d8
    # via
    #   jsonschema
    #   jsonschema-specifications
rpds-py==2026.9.1 \
    --hash=sha256:00ba2d8c7dd4ee537978ddf4b3fbd712bef2d8751603f7f3146b3f4287768e25 \
    --hash=sha256:01445c8d194aa032a08e944f16567672da1c62dbdbefd8b6d0693032e290cf68 \
    --hash=sha256:028ad274ea951dac64491b5d1e65712a4aeabfdbdb9fccf797b57bd899b0c495 \
    --hash=sha256:0483515261947e4e8b8e1375bf7463e7eb6ccfb3d86e7b554d90cd5285f20f32 \
    --hash=sha256:068c37bba854ec2fe42f7365c640af11dd9895890ccbf2df5070d0c059bd7f96 \
    --hash=sha256:074a4d198bc34d9a8ea425114fc3ded6d11ec01f6a314a8db67454a5152d8834 \
    --hash=sha256:07deecbfce94c78473018bc7d10b337cc651d12df87a1eb2cb3e4024bc9c33d0 \
    --hash=sha256:08dae4a4095150a7c4545a1fb40b98e1ab1744fbc2770d92c977b9dadaa49ab6 \
    --hash=sha256:0da298fb372dc192610a4b9ecbc68a0cd8b675bbbd1fc519d01b41cfd658333e \
    --hash=sha256:0f045bb053c9057720d72c56dffe30dffdc05997b2897a827b9325f0ab6623fa \
    --hash=sha256:10e208f2425d973938afcd56e28a7c4be32e27b6a60b5d381f49fb9d8acf9759 \
    --hash=sha256:136a1c3fe4402b7008bc81cb62ee538481795b61a7e83df88dff3b3f02b726ff \
    --hash=sha256:159a7aab5c5e8b112c8830f54717ce56da1252ebdbb526f5be2df2309280b9e7 \
    --hash=sha256:172e47169583f46ce118cbec68e6795d0da0f4606b488b6434f8276bca0a058c \
    --hash=sha256:1c2d1f6da5128eabf34e963d7163a818846075a52568250d006c4c953b40f903 \
    --hash=sha256:1d55198263bb51f557550c6ed2e6d1cb6a6fed6eb5c9120b741c5926bef8a45d \
    --hash=sha256:1d77b649e6f7cdf12ca5c2a98dad0ad37f9ea9b6f960408a92f0cb12bb3d04d9 \
    --hash=sha256:1e8d4d79d828299bf44a55db22a9388ab967b49d17132c88eab0f4360b48da8e \
    --hash=sha256:22ffd29a63d71fb1b81552c21f2c2b734949b7ac751a9be70675a939a900839b \
    --hash=sha256:2693b2728bbcc48d09a981a356954b0c47c53ff25b545856f28a889ea619f69a \
    --hash=sha256:270bdcdaac5d5b6f73c5e22e7e135c7f2a50e789f71d9e241d5be8d90026e19a \
    --hash=sha256:2711d29b653b3bce48a63d18b9c6b53274669e6d6c4094dddeb4d9a0e45128b2 \
    --hash=sha256:2c16ab111bc27c646ba8aa005d0527754edc538ebb636f0b1bf8e244b48d1945 \
    --hash=sha256:306ee1850d8105b5baf977e78d45fcadd12c1a54678d614c9baf217708446e91 \
    --hash=sha256:3231c4c0e521dafa5be0c9f114ee2c2ad46650836f2d72caa86801950c3e7044 \
    --hash=sha256:3890a6aa36e6baa53d5258a2a25d3ef8b37ad165a6ab27a892d7c3e3a432cd69 \
    --hash=sha256:3a72c11530d71abfb66c8d7696a2f86c43e63fca8b948f1a784ac490f4ec688e \
    --hash=sha256:3b5a6f40f0a1486b4b36c888123afc67acdbd9f33235927acf5ff295429a0ba3 \
    --hash=sha256:3c91c210ae7645626c608400e3519b4a642f837cce09ca830db3beb2e9f274d4 \
    --hash=sha256:3cd182d7291d29b92c521a0069d9c01ba6193628a9a105531d11b40a6d731a33 \
    --hash=sha256:3e524c7874ac72884d28e16dd5b8d839fd09e0fe76b020d3fbca23212a7b8c52 \
    --hash=sha256:3e93b2cd69a9830be33e03945cd7cda940a0a8bfcfbff41d6144f0cb0d3d8bd9 \
    --hash=sha256:3edae8c5ddfdb6985d49ae9d150516e5076888879022f91a26c2de9276ce0bdb \
    --hash=sha256:3f0e9ac28fc067d4d34b88ae43c48e9489455c97fee9633d851f7eeed5a05d35 \
    --hash=sha256:42e75466f83cd43f6026c81eab74246efb2bdadafb307b85700632d06c68f299 \
    --hash=sha256:44b32a7c4f0da3d28af31c259e38ddcff096f855e205ed0671d02fcf44f1ea1c \
    --hash=sha256:457866b85daf5034296666168b84a69e0b2e89dc4f1af102b46f6448a60b9063 \
    --hash=sha256:45bc6bccf78b20fd834237d18db64965d7ee68ba7f60440a26c7ab71e7b8d51a \
    --hash=sha256:46d80bc76b51a6c24f9944368c28d38b8bcbcea1da4f2f8d3ebc31a67e8c6ec6 \
    --hash=sha256:4793ef7f78268b124b73fa933440f01d258bbae01de9fa53e9080c9ab0425a12 \
    --hash=sha256:492e5e428cbe126221611f47e068f01660352feec4ad18bc0f5ea9b2ae88fb14 \
    --hash=sha256:4b26b03d9d2658ee2fa234f8f4f19f38a09773fe5261028025032e26d4d35af0 \
    --hash=sha256:4c0d2cb595a420b34d5086db0add011e26e2c09d6a024afbac4228bf8f863a30 \
    --hash=sha256:4cfaf02209061880210819934de2f4f6aa83dc04dafe6770276acc240a56da31 \
    --hash=sha256:501909f2e4a1e2dee528ef766fe3c469060ebc17e54a8383d404ba07a81a6f02 \
    --hash=sha256:50906f5aea24b5a865cbd0a589698288631d9f3a54c3a937c83aefa95a0d14af \
    --hash=sha256:54ac2158a6f96cfbabff0b2eedaf94b90c5ec7ca8317fcadc61e1c2b2e0ff6ef \
    --hash=sha256:56c6952a9b15047466d0c2347c446a761d4527f89976156341e68f0ce5cc08b0 \
    --hash=sha256:56cd8b3f77d7b6812f533b662186a1f28316931166ddc00fb893b1b0db7e9888 \
    --hash=sha256:57492a550a1d88d29d003247e5f78dd8cf04a701fac0e4c8db8745a6d2504e0a \
    --hash=sha256:5943980471829f6de242a20b109de3111ba6b77e3af0ffc587028ac854b05e6c \
    --hash=sha256:5c6ee90dee3e85e055ddfd502d611643d9b0fd94c818220bda84ec3dacd9b27b \
    --hash=sha256:5c90e7fa02e8f5de0d10c17595c568ada48c5302e749462c0ea1a4c362111a86 \
    --hash=sha256:5ce8943f79c2210f7abcc28e86367b03b28d95027fd01c46d2472373ae70c86f \
    --hash=sha256:617f59cde379b4f648a09797b7f683d04b90a46344cddab85639da5aff0f5531 \
    --hash=sha256:6307a0da524939decb8ca4a3933b8ab62525794411d6984fca6726e732804af6 \
    --hash=sha256:684fd492fff4fead00587544e059be2bbcb6f93454f21fa2a91b66fc7508be82 \
    --hash=sha256:6b5b393eda5ea42cca1c1a6665f2a4882b4fd5d1777e41ce0545a107fb008c9d \
    --hash=sha256:6b723eb406dec5bc9ec516c73ab9c3239a3284e017f7eb89ee2b3258bd504fb7 \
    --hash=sha256:6b9bf3135b4ad5981df9a73d71a35272d650a2985ae9c2746357b24d59de2448 \
    --hash=sha256:6beb738155fe8ab8091afdfa5a3226b21c2b1593f1e50ebb90eb25b44dbc0391 \
    --hash=sha256:6c0dbbcc19735fe5f8b0a54c07659d154a9e69f47e15d0a6ab7299215daf62cb \
    --hash=sha256:6cdc537c8633d7fd92a82e2e0d2ab74320a3f63d5e59fb9cf08711e08fe151c4 \
    --hash=sha256:6eae33003518fd4cb4f83a218d5371469dd3001aa3b87128c005b07762f7fe5e \
    --hash=sha256:740d0a99cf9de0b17a3943388e9294a59becf75e7c43421f387bd3c7a9901f7c \
    --hash=sha256:75c38c50ab9aca840225d9a9a3810bf11d04bd5c1f186cabbb8aee56db3e9b15 \
    --hash=sha256:761fdae6728ceb99ab182fad2f0cc1e262f610834dc891aea1d1a2a2e634776f \
    --hash=sha256:7664419f27db41d4f1c43a78dccda7dd6e8ef2428df3ee01d0c2a07a6b071297 \
    --hash=sha256:76d3af9732d2dab69f28179b40ba2d87e2f1d5824b4a694780aa787d685e8f36 \
    --hash=sha256:78326f4cb4427a56ba4996c0762b63be45f06b85f086526420d2b3a66e40f84d \
    --hash=sha256:7868b85224291c6cb6759f9b5adb9745f486d226f62b16a614dd5a2a5ab2b35b \
    --hash=sha256:815d26356930846a40c7bc1366e7b1b0320ab8a063e66c11298a208bed0fd237 \
    --hash=sha256:8171b44a054e5c67fd748ada04187f1250bf35b95f85e52ab64bcf3331a923bb \
    --hash=sha256:821b2755db9194409254012f429c56643416fb96ef9be090be82ec8826b7f477 \
    --hash=sha256:837c6b305e26fe0f75b15c92cf3b2ba29e0ae19dc40b1c557b026cb426347d0c \
    --hash=sha256:839dde845559254f34885267c6878f60d61d5205180226d976fe488d45fa128e \
    --hash=sha256:84a6ecc0c940169190d2c23bd969debd48c94dbc855acd60188a68d71d421608 \
    --hash=sha256:8601470267d938bcb7f3ab1a336100af51a4fd5b6ed030ef52461bb3ef5e7e07 \
    --hash=sha256:88b5268892fde430d5531f95bc560b6efbbd67c929662c586afd729a96e7461c \
    --hash=sha256:8aa5dda18d39b6143eb24809d158f9252c88f402749b6f1b62a506cc7d96cc35 \
    --hash=sha256:926bdd3e3b5998ddf70cc64bc8cf57209571f9044542913afb673799fec77dd0 \
    --hash=sha256:96beca19ec79de272e8668585380ff9092c47077c1d7a1e098e00bbd921f4785 \
    --hash=sha256:9a0460d43603d1fd9ef59c30278531e15d78581721ddb538fa560aa7817ea4ad \
    --hash=sha256:a03d57b86d2a51d0a66c92177e2be154ad015f357791d306e714569999cdb4cc \
    --hash=sha256:a36b70596407634ca82d4b989a3729074a008537a0522e4c8046a67c729103e9 \
    --hash=sha256:a3a52a3ba86436ab3aef510fbe21512abc2ddd1993005dfe50514bd2284ef025 \
    --hash=sha256:a3dbc5ed9514908d5046107d7b1346bde71eea61de6e0e4919c19354f97e769f \
    --hash=sha256:a431156bb41865fc14cd5d79bb9d7bbed83110b0159e34e62ae30951f96c0009 \
    --hash=sha256:a575404ebc9cf2e91edd32eaf570ec1430eb900d4f56724ba7dd4bc1fc9c176d \
    --hash=sha256:a5cf77eb04f20b720be95265a3e00eb2a14814074255cc27069c551b2db53118 \
    --hash=sha256:a8763f20692da7df39b0afdd1ba3042b004c50a45994f76c2d9a25641f7673db \
    --hash=sha256:ab4b2fda7c2b542f7f9d886cc6a838c5079d2b76f72e6081411faba11adde2c9 \
    --hash=sha256:addeda51556dac7c1a2f14cda62db8b621cd12afba3091d03a96c72932387eab \
    --hash=sha256:b242c27c8f836305a4a72df9cdd564386ac57b807bd252a063223331c9316b37 \
    --hash=sha256:b4f062343e7ad3fa94f2c66e5ae667dee47ee74dd41a9057c4fbe163236a123d \
    --hash=sha256:b5b8b0753718d258fd454283fbd57e14545d3b40583fa672e27cb4f987626bcc \
    --hash=sha256:be3e47e2d91aa3942ff9bf4077a505226005abfc39b6f7554a91c1b9393986b9 \
    --hash=sha256:befc2d6a953e563f8a7bfd87a42c22ebf8a3e980dcb7b6a4d17b70b0e914e8a3 \
    --hash=sha256:bf35d0568abda97233239ce32896d3ad53fccc537832c104e30c94aa5fb93569 \
    --hash=sha256:c933c6678c6f116ff8af47a4c6db0868b8ace74af0343016c0ef00f00272ea69 \
    --hash=sha256:c9d1aca01f49170fdcf5c92761b1fafe97f554b721ca4570c5949fff778f0d4b \
    --hash=sha256:cdeaa99ce822dca76cfb1b993e9120c5ea212f2eb66d48950ad63c349668a018 \
    --hash=sha256:ce4d4f52e2a4324396caddbd45a97d8d7be5f42edd25d2355282a9c34f9b2f7f \
    --hash=sha256:d1028417bb44037eb3069c1009bd7b7277212876cda22fbe565b0bca9fab6d2c \
    --hash=sha256:d151e148117294133bf8af7eeace085e7e87432db15ab6adf640330298a47f6f \
    --hash=sha256:d7841166b7fa64c9c56404617ae4341448847482d45933b13135d26c130519e5 \
    --hash=sha256:d7fca4eb6df565e2a928f1c7dad92d27db8f9df0f449e76423ed5d7e713ed445 \
    --hash=sha256:d95a354e02393eada6d7351184671aced9d4cce109dabf927cb7aa99624352a1 \
    --hash=sha256:d9edf30457d74eebfd76b045535e36f1cd89062566a128a0db2145ca042d787e \
    --hash=sha256:dbc2673f9223d420c91145599b3ba45a8a50c207d1976908e5fb5ddb0c9b9429 \
    --hash=sha256:e01b3c878c8641913e688edd1b3f08658c6783d29cf6b826bd3c0d1ae7a1ffaa \
    --hash=sha256:e21c1429e205828ea886a2293a4a2c8e01f4c25d9893ca330e97a6cf73f52e7b \
    --hash=sha256:e43d4a1f673e8a1cbd8533e809e02b4bf9d4f2280269bb640436556312121250 \
    --hash=sha256:e6d198bad4e49dd6732fbd636e2fc5c082f45c8cad0b4acb756b00c82c76072e \
    --hash=sha256:e6ea1cda8d8c688278430e4268a42f5e5da3bdd74578dfadc0820c3f1766ce83 \
    --hash=sha256:ea394a937f17a54c51239348bdbe2e3518124c8d4a8951ba04a311d3095bd18f \
    --hash=sha256:eac2f5dbafd585dfe31f86a23ebf0d3ba480a9d49ebc87947267b5608d4ea0cd \
    --hash=sha256:eb61be926bb81567c1f48bdc8aa22b9855048dc2efd53871f9f7e6e9a5632346 \
    --hash=sha256:eba5d173f7d5708b22a93815017a4611873ed54db9f268077c0dd1ed99cfc858 \
    --hash=sha256:ec450527cbf485e13c8d3602a54f428ab0432fdade0ede75efd74b735421c871 \
    --hash=sha256:eef6a03b0b6d08d0835ccfa8ec8d1bc70525e3801387567137b50c557695e6da \
    --hash=sha256:ef0d8c843e2827d6c120ab4687e9423fb1d893db1df27b7c1506615bcb9734a0 \
    --hash=sha256:ef6b65b03247c54692ad4fd9ee97cb772781927db72e3cb05e70b3db6d1ff14f \
    --hash=sha256:f3d6ed6a98cfd19155996605474982cc470d7601746a6439078f1a5a3fa8b050 \
    --hash=sha256:fce4b85234a0cbad67bf8e6e1201ee815d172c9aebad75f25645bc4d834f8e31 \
    --hash=sha256:fda1d96e542c37b6c804547dbf489c129fe7c97183a76a5ec275909ba1a063df \
    --hash=sha256:fdcd198979b4ecffcc1beba366a7fbcf4eb41243691a82fe52ceb0b902f09c12 \
    --hash=sha256:fe5ad0664ec772b02c45859041aa17655709cced7a31005817fbbbd988c25567
    # via
    #   jsonschema
    #   referencing
six==1.17.0 \
    --hash=sha256:4721f391ed90541fddacab5acf947aa0d3dc7d27b2e1e8eda2be8970586c3274 \
    --hash=sha256:ff70335d468e7eb6ec65b95b99d3a2836546063f63acc5171de367e834932a81
    # via python-dateutil
typing-extensions==4.16.0 \
    --hash=sha256:481caa481374e813c1b176ada14e97f1f67a4539ce9cfeb3f350d78d6370c2e8 \
    --hash=sha256:dc983d19a509c94dba722ee6abd33940f7c05a89e243c47e907eb4db6f1a43e5
    # via referencing
